{
  "nodes": {
    "firefox-addons": {
      "inputs": {
        "nixpkgs": [
          "nixpkgs"
        ]
      },
      "locked": {
        "dir": "pkgs/firefox-addons",
        "lastModified": 1747713810,
        "narHash": "sha256-kcTX99Kz39M3Li9MkeQ/59VDDdm0IrggAE2GjcrVTg8=",
        "owner": "rycee",
        "repo": "nur-expressions",
        "rev": "f5bb1bfd598b0124116ba9fe975d4858e1e4acfa",
        "type": "gitlab"
      },
      "original": {
        "dir": "pkgs/firefox-addons",
        "owner": "rycee",
        "repo": "nur-expressions",
        "type": "gitlab"
      }
    },
    "home-manager": {
      "inputs": {
        "nixpkgs": [
          "nixpkgs"
        ]
      },
      "locked": {
        "lastModified": 1747688838,
        "narHash": "sha256-FZq4/3OtGV/cti9Vccsy2tGSUrxTO4hkDF9oeGRTen4=",
        "owner": "nix-community",
        "repo": "home-manager",
        "rev": "45c2985644b60ab64de2a2d93a4d132ecb87cf66",
        "type": "github"
      },
      "original": {
        "owner": "nix-community",
        "repo": "home-manager",
        "type": "github"
      }
    },
    "nixpkgs": {
      "locked": {
        "lastModified": 1747542820,
        "narHash": "sha256-GaOZntlJ6gPPbbkTLjbd8BMWaDYafhuuYRNrxCGnPJw=",
        "owner": "NixOS",
        "repo": "nixpkgs",
        "rev": "292fa7d4f6519c074f0a50394dbbe69859bb6043",
        "type": "github"
      },
      "original": {
        "id": "nixpkgs",
        "ref": "nixos-unstable",
        "type": "indirect"
      }
    },
    "root": {
      "inputs": {
        "firefox-addons": "firefox-addons",
        "home-manager": "home-manager",
        "nixpkgs": "nixpkgs",
        "zsh-alias-finder": "zsh-alias-finder",
        "zsh-calc": "zsh-calc",
        "zsh-enhancd": "zsh-enhancd"
      }
    },
    "zsh-alias-finder": {
      "flake": false,
      "locked": {
        "lastModified": 1659597643,
        "narHash": "sha256-aB5kI+Jt7TVQMCeLcvpAmoMaGxRF1xqw1tioQxbJOzE=",
        "owner": "akash329d",
        "repo": "zsh-alias-finder",
        "rev": "ef6451c5b08f833f5c74303928f7b5c7f858ae84",
        "type": "github"
      },
      "original": {
        "owner": "akash329d",
        "repo": "zsh-alias-finder",
        "type": "github"
      }
    },
    "zsh-calc": {
      "flake": false,
      "locked": {
        "lastModified": 1616571053,
        "narHash": "sha256-N4FBN7iyyiEyZX/opj63D5acA1Oh0YpFXdz83oIOWPE=",
        "owner": "arzzen",
        "repo": "calc.plugin.zsh",
        "rev": "5b4c85977b693c15eb052cde6b5cef0d6610f567",
        "type": "github"
      },
      "original": {
        "owner": "arzzen",
        "repo": "calc.plugin.zsh",
        "type": "github"
      }
    },
    "zsh-enhancd": {
      "flake": false,
      "locked": {
        "lastModified": 1737684369,
        "narHash": "sha256-pKQbwiqE0KdmRDbHQcW18WfxyJSsKfymWt/TboY2iic=",
        "owner": "babarot",
        "repo": "enhancd",
        "rev": "5afb4eb6ba36c15821de6e39c0a7bb9d6b0ba415",
        "type": "github"
      },
      "original": {
        "owner": "babarot",
        "repo": "enhancd",
        "type": "github"
      }
    }
  },
  "root": "root",
  "version": 7
}
