{
  "nodes": {
    "firefox-addons": {
      "inputs": {
        "flake-utils": "flake-utils",
        "nixpkgs": [
          "nixpkgs"
        ]
      },
      "locked": {
        "dir": "pkgs/firefox-addons",
        "lastModified": 1733112202,
        "narHash": "sha256-J8ULoEGyML8D15OFCIvmnWqGJDxMT40eLCHGzCr5pRM=",
        "owner": "rycee",
        "repo": "nur-expressions",
        "rev": "2f7e1822d85cf304fef0a6e34a5764ba9a2e06bd",
        "type": "gitlab"
      },
      "original": {
        "dir": "pkgs/firefox-addons",
        "owner": "rycee",
        "repo": "nur-expressions",
        "type": "gitlab"
      }
    },
    "flake-utils": {
      "locked": {
        "lastModified": 1629284811,
        "narHash": "sha256-JHgasjPR0/J1J3DRm4KxM4zTyAj4IOJY8vIl75v/kPI=",
        "owner": "numtide",
        "repo": "flake-utils",
        "rev": "c5d161cc0af116a2e17f54316f0bf43f0819785c",
        "type": "github"
      },
      "original": {
        "owner": "numtide",
        "repo": "flake-utils",
        "type": "github"
      }
    },
    "home-manager": {
      "inputs": {
        "nixpkgs": [
          "nixpkgs"
        ]
      },
      "locked": {
        "lastModified": 1733085484,
        "narHash": "sha256-dVmNuUajnU18oHzBQWZm1BQtANCHaqNuxTHZQ+GN0r8=",
        "owner": "nix-community",
        "repo": "home-manager",
        "rev": "c1fee8d4a60b89cae12b288ba9dbc608ff298163",
        "type": "github"
      },
      "original": {
        "owner": "nix-community",
        "repo": "home-manager",
        "type": "github"
      }
    },
    "nixpkgs": {
      "locked": {
        "lastModified": 1732837521,
        "narHash": "sha256-jNRNr49UiuIwaarqijgdTR2qLPifxsVhlJrKzQ8XUIE=",
        "owner": "NixOS",
        "repo": "nixpkgs",
        "rev": "970e93b9f82e2a0f3675757eb0bfc73297cc6370",
        "type": "github"
      },
      "original": {
        "id": "nixpkgs",
        "ref": "nixos-unstable",
        "type": "indirect"
      }
    },
    "root": {
      "inputs": {
        "firefox-addons": "firefox-addons",
        "home-manager": "home-manager",
        "nixpkgs": "nixpkgs",
        "zsh-alias-finder": "zsh-alias-finder",
        "zsh-calc": "zsh-calc",
        "zsh-enhancd": "zsh-enhancd"
      }
    },
    "zsh-alias-finder": {
      "flake": false,
      "locked": {
        "lastModified": 1659597643,
        "narHash": "sha256-aB5kI+Jt7TVQMCeLcvpAmoMaGxRF1xqw1tioQxbJOzE=",
        "owner": "akash329d",
        "repo": "zsh-alias-finder",
        "rev": "ef6451c5b08f833f5c74303928f7b5c7f858ae84",
        "type": "github"
      },
      "original": {
        "owner": "akash329d",
        "repo": "zsh-alias-finder",
        "type": "github"
      }
    },
    "zsh-calc": {
      "flake": false,
      "locked": {
        "lastModified": 1616571053,
        "narHash": "sha256-N4FBN7iyyiEyZX/opj63D5acA1Oh0YpFXdz83oIOWPE=",
        "owner": "arzzen",
        "repo": "calc.plugin.zsh",
        "rev": "5b4c85977b693c15eb052cde6b5cef0d6610f567",
        "type": "github"
      },
      "original": {
        "owner": "arzzen",
        "repo": "calc.plugin.zsh",
        "type": "github"
      }
    },
    "zsh-enhancd": {
      "flake": false,
      "locked": {
        "lastModified": 1688001393,
        "narHash": "sha256-XJl0XVtfi/NTysRMWant84uh8+zShTRwd7t2cxUk+qU=",
        "owner": "babarot",
        "repo": "enhancd",
        "rev": "230695f8da8463b18121f58d748851a67be19a00",
        "type": "github"
      },
      "original": {
        "owner": "babarot",
        "repo": "enhancd",
        "type": "github"
      }
    }
  },
  "root": "root",
  "version": 7
}
