{
  "nodes": {
    "catppuccinAlacritty": {
      "flake": false,
      "locked": {
        "lastModified": 1730074245,
        "narHash": "sha256-H8bouVCS46h0DgQ+oYY8JitahQDj0V9p2cOoD4cQX+Q=",
        "owner": "catppuccin",
        "repo": "alacritty",
        "rev": "f6cb5a5c2b404cdaceaff193b9c52317f62c62f7",
        "type": "github"
      },
      "original": {
        "owner": "catppuccin",
        "repo": "alacritty",
        "type": "github"
      }
    },
    "catppuccinI3": {
      "flake": false,
      "locked": {
        "lastModified": 1728869535,
        "narHash": "sha256-H+ZueiYkCoBfS8JENLKhL/efFK6WFNDsbiMbTpGROUs=",
        "owner": "catppuccin",
        "repo": "i3",
        "rev": "c072ada05271eec960dc893affe9ac55af63a745",
        "type": "github"
      },
      "original": {
        "owner": "catppuccin",
        "repo": "i3",
        "type": "github"
      }
    },
    "catppuccinStarship": {
      "flake": false,
      "locked": {
        "lastModified": 1754058577,
        "narHash": "sha256-FLHjbClpTqaK4n2qmepCPkb8rocaAo3qeV4Zp1hia0g=",
        "owner": "catppuccin",
        "repo": "starship",
        "rev": "5906cc369dd8207e063c0e6e2d27bd0c0b567cb8",
        "type": "github"
      },
      "original": {
        "owner": "catppuccin",
        "repo": "starship",
        "type": "github"
      }
    },
    "denisidoroCheats": {
      "flake": false,
      "locked": {
        "lastModified": 1682557612,
        "narHash": "sha256-wPsAazAGKPhu0MZfZbZ0POUBEMg95frClAQERTDFXUg=",
        "owner": "denisidoro",
        "repo": "cheats",
        "rev": "1339965e9615ce00174cc308a41279d9c59aa75f",
        "type": "github"
      },
      "original": {
        "owner": "denisidoro",
        "repo": "cheats",
        "type": "github"
      }
    },
    "firefox-addons": {
      "inputs": {
        "nixpkgs": [
          "nixpkgs"
        ]
      },
      "locked": {
        "dir": "pkgs/firefox-addons",
        "lastModified": 1774773254,
        "narHash": "sha256-WuLfXm6DEjtWDM4qgCS640B+5wjG12Jc57yWdAF7TPo=",
        "owner": "rycee",
        "repo": "nur-expressions",
        "rev": "9b89055deea1bc61867e3280f3f2cce798436807",
        "type": "gitlab"
      },
      "original": {
        "dir": "pkgs/firefox-addons",
        "owner": "rycee",
        "repo": "nur-expressions",
        "type": "gitlab"
      }
    },
    "home-manager": {
      "inputs": {
        "nixpkgs": [
          "nixpkgs"
        ]
      },
      "locked": {
        "lastModified": 1774738535,
        "narHash": "sha256-2jfBEZUC67IlnxO5KItFCAd7Oc+1TvyV/jQlR+2ykGQ=",
        "owner": "nix-community",
        "repo": "home-manager",
        "rev": "769e07ef8f4cf7b1ec3b96ef015abec9bc6b1e2a",
        "type": "github"
      },
      "original": {
        "owner": "nix-community",
        "repo": "home-manager",
        "type": "github"
      }
    },
    "nixpkgs": {
      "locked": {
        "lastModified": 1774386573,
        "narHash": "sha256-4hAV26quOxdC6iyG7kYaZcM3VOskcPUrdCQd/nx8obc=",
        "owner": "NixOS",
        "repo": "nixpkgs",
        "rev": "46db2e09e1d3f113a13c0d7b81e2f221c63b8ce9",
        "type": "github"
      },
      "original": {
        "id": "nixpkgs",
        "ref": "nixos-unstable",
        "type": "indirect"
      }
    },
    "root": {
      "inputs": {
        "catppuccinAlacritty": "catppuccinAlacritty",
        "catppuccinI3": "catppuccinI3",
        "catppuccinStarship": "catppuccinStarship",
        "denisidoroCheats": "denisidoroCheats",
        "firefox-addons": "firefox-addons",
        "home-manager": "home-manager",
        "nixpkgs": "nixpkgs",
        "zsh-alias-finder": "zsh-alias-finder",
        "zsh-calc": "zsh-calc",
        "zsh-enhancd": "zsh-enhancd"
      }
    },
    "zsh-alias-finder": {
      "flake": false,
      "locked": {
        "lastModified": 1659597643,
        "narHash": "sha256-aB5kI+Jt7TVQMCeLcvpAmoMaGxRF1xqw1tioQxbJOzE=",
        "owner": "akash329d",
        "repo": "zsh-alias-finder",
        "rev": "ef6451c5b08f833f5c74303928f7b5c7f858ae84",
        "type": "github"
      },
      "original": {
        "owner": "akash329d",
        "repo": "zsh-alias-finder",
        "type": "github"
      }
    },
    "zsh-calc": {
      "flake": false,
      "locked": {
        "lastModified": 1616571053,
        "narHash": "sha256-N4FBN7iyyiEyZX/opj63D5acA1Oh0YpFXdz83oIOWPE=",
        "owner": "arzzen",
        "repo": "calc.plugin.zsh",
        "rev": "5b4c85977b693c15eb052cde6b5cef0d6610f567",
        "type": "github"
      },
      "original": {
        "owner": "arzzen",
        "repo": "calc.plugin.zsh",
        "type": "github"
      }
    },
    "zsh-enhancd": {
      "flake": false,
      "locked": {
        "lastModified": 1737684369,
        "narHash": "sha256-pKQbwiqE0KdmRDbHQcW18WfxyJSsKfymWt/TboY2iic=",
        "owner": "babarot",
        "repo": "enhancd",
        "rev": "5afb4eb6ba36c15821de6e39c0a7bb9d6b0ba415",
        "type": "github"
      },
      "original": {
        "owner": "babarot",
        "repo": "enhancd",
        "type": "github"
      }
    }
  },
  "root": "root",
  "version": 7
}
